
Microsoft Visual Studio Solution File, Format Version 12.00
# Visual Studio Version 17
VisualStudioVersion = 17.5.33530.505
MinimumVisualStudioVersion = 10.0.40219.1
Project("{8BC9CEB8-8B4A-11D0-8D11-00A0C91BC942}") = "152995", "152995\152995.vcxproj", "{CBAE342B-CC4C-4AED-99A6-50B077CC3193}"
EndProject
Global
	GlobalSection(SolutionConfigurationPlatforms) = preSolution
		Debug|x64 = Debug|x64
		Debug|x86 = Debug|x86
		Release|x64 = Release|x64
		Release|x86 = Release|x86
	EndGlobalSection
	GlobalSection(ProjectConfigurationPlatforms) = postSolution
		{CBAE342B-CC4C-4AED-99A6-50B077CC3193}.Debug|x64.ActiveCfg = Debug|x64
		{CBAE342B-CC4C-4AED-99A6-50B077CC3193}.Debug|x64.Build.0 = Debug|x64
		{CBAE342B-CC4C-4AED-99A6-50B077CC3193}.Debug|x86.ActiveCfg = Debug|Win32
		{CBAE342B-CC4C-4AED-99A6-50B077CC3193}.Debug|x86.Build.0 = Debug|Win32
		{CBAE342B-CC4C-4AED-99A6-50B077CC3193}.Release|x64.ActiveCfg = Release|x64
		{CBAE342B-CC4C-4AED-99A6-50B077CC3193}.Release|x64.Build.0 = Release|x64
		{CBAE342B-CC4C-4AED-99A6-50B077CC3193}.Release|x86.ActiveCfg = Release|Win32
		{CBAE342B-CC4C-4AED-99A6-50B077CC3193}.Release|x86.Build.0 = Release|Win32
	EndGlobalSection
	GlobalSection(SolutionProperties) = preSolution
		HideSolutionNode = FALSE
	EndGlobalSection
	GlobalSection(ExtensibilityGlobals) = postSolution
		SolutionGuid = {06CCFA0D-7F4B-487A-B1E1-EB0F90B34FBC}
	EndGlobalSection
EndGlobal
