
Microsoft Visual Studio Solution File, Format Version 12.00
# Visual Studio Version 17
VisualStudioVersion = 17.5.33530.505
MinimumVisualStudioVersion = 10.0.40219.1
Project("{8BC9CEB8-8B4A-11D0-8D11-00A0C91BC942}") = "DevSisters2", "DevSisters2\DevSisters2.vcxproj", "{6EEED7A8-48A9-4D46-8CDB-17D4B3E23BDF}"
EndProject
Global
	GlobalSection(SolutionConfigurationPlatforms) = preSolution
		Debug|x64 = Debug|x64
		Debug|x86 = Debug|x86
		Release|x64 = Release|x64
		Release|x86 = Release|x86
	EndGlobalSection
	GlobalSection(ProjectConfigurationPlatforms) = postSolution
		{6EEED7A8-48A9-4D46-8CDB-17D4B3E23BDF}.Debug|x64.ActiveCfg = Debug|x64
		{6EEED7A8-48A9-4D46-8CDB-17D4B3E23BDF}.Debug|x64.Build.0 = Debug|x64
		{6EEED7A8-48A9-4D46-8CDB-17D4B3E23BDF}.Debug|x86.ActiveCfg = Debug|Win32
		{6EEED7A8-48A9-4D46-8CDB-17D4B3E23BDF}.Debug|x86.Build.0 = Debug|Win32
		{6EEED7A8-48A9-4D46-8CDB-17D4B3E23BDF}.Release|x64.ActiveCfg = Release|x64
		{6EEED7A8-48A9-4D46-8CDB-17D4B3E23BDF}.Release|x64.Build.0 = Release|x64
		{6EEED7A8-48A9-4D46-8CDB-17D4B3E23BDF}.Release|x86.ActiveCfg = Release|Win32
		{6EEED7A8-48A9-4D46-8CDB-17D4B3E23BDF}.Release|x86.Build.0 = Release|Win32
	EndGlobalSection
	GlobalSection(SolutionProperties) = preSolution
		HideSolutionNode = FALSE
	EndGlobalSection
	GlobalSection(ExtensibilityGlobals) = postSolution
		SolutionGuid = {93323995-EACD-4040-9F22-383A88B64BE6}
	EndGlobalSection
EndGlobal
